# This file is @generated by PDM.
# It is not intended for manual editing.

[metadata]
groups = ["default"]
strategy = ["inherit_metadata"]
lock_version = "4.5.0"
content_hash = "sha256:d67b619abae0b457011457549401d696c887609181820d8594cb421c868d779d"

[[metadata.targets]]
requires_python = ">=3.13"

[[package]]
name = "materialyoucolor"
version = "2.0.10"
summary = "Material You color generation algorithms in pure python!"
groups = ["default"]
files = [
    {file = "materialyoucolor-2.0.10-cp313-cp313-macosx_10_13_universal2.whl", hash = "sha256:71de9c581c8227c3010c61108a00af9a007c96f99358fdb0628626d0ade817d9"},
    {file = "materialyoucolor-2.0.10-cp313-cp313-manylinux_2_27_x86_64.manylinux_2_28_x86_64.whl", hash = "sha256:978748eca7725d8b569cdecfd9f86a8e34bf946182f79a48b059c98a10f1a0de"},
    {file = "materialyoucolor-2.0.10-cp313-cp313-win_amd64.whl", hash = "sha256:2ffc8963a2f10d8acb6776e60e97f0e7929d3392eb282cf2bc63b8e56cd930b3"},
    {file = "materialyoucolor-2.0.10.tar.gz", hash = "sha256:31b4d407b9a4fd4b54b30559b0d0313f6d6da1f9d19b75546ed65da52671ea76"},
]

[[package]]
name = "pyglet"
version = "2.1.6"
requires_python = ">=3.8"
summary = "pyglet is a cross-platform games and multimedia package."
groups = ["default"]
files = [
    {file = "pyglet-2.1.6-py3-none-any.whl", hash = "sha256:52ef9e75f3969b6a28bfa5c223e50ff03a05c2baa67bfe00d2a9eec4e831a7c5"},
    {file = "pyglet-2.1.6.tar.gz", hash = "sha256:18483880b1411b39692eaf7756819285797b1aaf9ef63d40eb9f9b5d01c63416"},
]
